
Microsoft Visual Studio Solution File, Format Version 12.00
# Visual Studio Version 16
VisualStudioVersion = 16.0.29709.97
MinimumVisualStudioVersion = 10.0.40219.1
Project("{FAE04EC0-301F-11D3-BF4B-00C04F79EFBC}") = "CiCd_WithGit", "CiCd_WithGit\CiCd_WithGit.csproj", "{8A66676E-8F1D-4BFD-9081-A1C5E6FAD774}"
EndProject
Project("{FAE04EC0-301F-11D3-BF4B-00C04F79EFBC}") = "NunitTest", "NunitTest\NunitTest.csproj", "{FF28FC50-7461-422F-A022-C2F411622870}"
EndProject
Global
	GlobalSection(SolutionConfigurationPlatforms) = preSolution
		Debug|Any CPU = Debug|Any CPU
		Release|Any CPU = Release|Any CPU
	EndGlobalSection
	GlobalSection(ProjectConfigurationPlatforms) = postSolution
		{8A66676E-8F1D-4BFD-9081-A1C5E6FAD774}.Debug|Any CPU.ActiveCfg = Debug|Any CPU
		{8A66676E-8F1D-4BFD-9081-A1C5E6FAD774}.Debug|Any CPU.Build.0 = Debug|Any CPU
		{8A66676E-8F1D-4BFD-9081-A1C5E6FAD774}.Release|Any CPU.ActiveCfg = Release|Any CPU
		{8A66676E-8F1D-4BFD-9081-A1C5E6FAD774}.Release|Any CPU.Build.0 = Release|Any CPU
		{FF28FC50-7461-422F-A022-C2F411622870}.Debug|Any CPU.ActiveCfg = Debug|Any CPU
		{FF28FC50-7461-422F-A022-C2F411622870}.Debug|Any CPU.Build.0 = Debug|Any CPU
		{FF28FC50-7461-422F-A022-C2F411622870}.Release|Any CPU.ActiveCfg = Release|Any CPU
		{FF28FC50-7461-422F-A022-C2F411622870}.Release|Any CPU.Build.0 = Release|Any CPU
	EndGlobalSection
	GlobalSection(SolutionProperties) = preSolution
		HideSolutionNode = FALSE
	EndGlobalSection
	GlobalSection(ExtensibilityGlobals) = postSolution
		SolutionGuid = {4A3453CB-A69F-45D7-A8CD-341BC46DF9F9}
	EndGlobalSection
EndGlobal
